
Microsoft Visual Studio Solution File, Format Version 12.00
# Visual Studio Version 17
VisualStudioVersion = 17.0.31919.166
MinimumVisualStudioVersion = 10.0.40219.1
Project("{2150E333-8FDC-42A3-9474-1A3956D46DE8}") = "LangageCSharp", "LangageCSharp", "{A41A8E86-6DD9-4849-91C8-FBA9188BCC4A}"
EndProject
Project("{2150E333-8FDC-42A3-9474-1A3956D46DE8}") = "Cours", "Cours", "{7C8C1AFE-1373-4E51-8B78-E1032EBE6455}"
EndProject
Project("{2150E333-8FDC-42A3-9474-1A3956D46DE8}") = "Exercices", "Exercices", "{3B9C94DB-6E07-4590-B5E4-D352BF0BAEF1}"
EndProject
Project("{2150E333-8FDC-42A3-9474-1A3956D46DE8}") = "LaConsole", "LaConsole", "{FBA2B770-FD91-453B-8D70-FDB0480CC234}"
EndProject
Project("{2150E333-8FDC-42A3-9474-1A3956D46DE8}") = "LesTypesDeVariable", "LesTypesDeVariable", "{2F44E298-A356-47E7-92E1-15F42A2DC968}"
EndProject
Project("{9A19103F-16F7-4668-BE54-9A1E7A4F7556}") = "Affichage", "FormationDotNET\LangageCSharp\Cours\Affichage\Affichage.csproj", "{BE0C090A-F2F1-4E83-909B-70C78118CEE8}"
EndProject
Project("{FAE04EC0-301F-11D3-BF4B-00C04F79EFBC}") = "LesVariables", "LesVariables\LesVariables.csproj", "{F6DAE57A-3A65-4565-8699-DF23C168BAA3}"
EndProject
Global
	GlobalSection(SolutionConfigurationPlatforms) = preSolution
		Debug|Any CPU = Debug|Any CPU
		Release|Any CPU = Release|Any CPU
	EndGlobalSection
	GlobalSection(ProjectConfigurationPlatforms) = postSolution
		{BE0C090A-F2F1-4E83-909B-70C78118CEE8}.Debug|Any CPU.ActiveCfg = Debug|Any CPU
		{BE0C090A-F2F1-4E83-909B-70C78118CEE8}.Debug|Any CPU.Build.0 = Debug|Any CPU
		{BE0C090A-F2F1-4E83-909B-70C78118CEE8}.Release|Any CPU.ActiveCfg = Release|Any CPU
		{BE0C090A-F2F1-4E83-909B-70C78118CEE8}.Release|Any CPU.Build.0 = Release|Any CPU
		{F6DAE57A-3A65-4565-8699-DF23C168BAA3}.Debug|Any CPU.ActiveCfg = Debug|Any CPU
		{F6DAE57A-3A65-4565-8699-DF23C168BAA3}.Debug|Any CPU.Build.0 = Debug|Any CPU
		{F6DAE57A-3A65-4565-8699-DF23C168BAA3}.Release|Any CPU.ActiveCfg = Release|Any CPU
		{F6DAE57A-3A65-4565-8699-DF23C168BAA3}.Release|Any CPU.Build.0 = Release|Any CPU
	EndGlobalSection
	GlobalSection(SolutionProperties) = preSolution
		HideSolutionNode = FALSE
	EndGlobalSection
	GlobalSection(NestedProjects) = preSolution
		{7C8C1AFE-1373-4E51-8B78-E1032EBE6455} = {A41A8E86-6DD9-4849-91C8-FBA9188BCC4A}
		{3B9C94DB-6E07-4590-B5E4-D352BF0BAEF1} = {A41A8E86-6DD9-4849-91C8-FBA9188BCC4A}
		{FBA2B770-FD91-453B-8D70-FDB0480CC234} = {7C8C1AFE-1373-4E51-8B78-E1032EBE6455}
		{2F44E298-A356-47E7-92E1-15F42A2DC968} = {7C8C1AFE-1373-4E51-8B78-E1032EBE6455}
		{BE0C090A-F2F1-4E83-909B-70C78118CEE8} = {FBA2B770-FD91-453B-8D70-FDB0480CC234}
		{F6DAE57A-3A65-4565-8699-DF23C168BAA3} = {2F44E298-A356-47E7-92E1-15F42A2DC968}
	EndGlobalSection
	GlobalSection(ExtensibilityGlobals) = postSolution
		SolutionGuid = {F5F89044-D98C-46F5-8E78-8715B976ECF9}
	EndGlobalSection
EndGlobal
