
Microsoft Visual Studio Solution File, Format Version 12.00
# Visual Studio Version 17
VisualStudioVersion = 17.0.31919.166
MinimumVisualStudioVersion = 10.0.40219.1
Project("{2150E333-8FDC-42A3-9474-1A3956D46DE8}") = "LangageCSharp", "LangageCSharp", "{A41A8E86-6DD9-4849-91C8-FBA9188BCC4A}"
EndProject
Project("{2150E333-8FDC-42A3-9474-1A3956D46DE8}") = "Cours", "Cours", "{7C8C1AFE-1373-4E51-8B78-E1032EBE6455}"
EndProject
Project("{2150E333-8FDC-42A3-9474-1A3956D46DE8}") = "Exercices", "Exercices", "{3B9C94DB-6E07-4590-B5E4-D352BF0BAEF1}"
EndProject
Project("{2150E333-8FDC-42A3-9474-1A3956D46DE8}") = "LaConsole", "LaConsole", "{FBA2B770-FD91-453B-8D70-FDB0480CC234}"
EndProject
Project("{2150E333-8FDC-42A3-9474-1A3956D46DE8}") = "LesTypesDeVariable", "LesTypesDeVariable", "{2F44E298-A356-47E7-92E1-15F42A2DC968}"
EndProject
Project("{9A19103F-16F7-4668-BE54-9A1E7A4F7556}") = "Affichage", "FormationDotNET\LangageCSharp\Cours\Affichage\Affichage.csproj", "{BE0C090A-F2F1-4E83-909B-70C78118CEE8}"
EndProject
Project("{9A19103F-16F7-4668-BE54-9A1E7A4F7556}") = "LesVariables", "LesVariables\LesVariables.csproj", "{F6DAE57A-3A65-4565-8699-DF23C168BAA3}"
EndProject
Project("{2150E333-8FDC-42A3-9474-1A3956D46DE8}") = "LeCastingEtBoxing", "LeCastingEtBoxing", "{F83BAB6B-11F4-41FC-A6E5-35096A60DFEE}"
EndProject
Project("{9A19103F-16F7-4668-BE54-9A1E7A4F7556}") = "LeCasting", "LeCasting\LeCasting.csproj", "{68B802DA-9E8A-4E8F-8216-80A4591E2C0A}"
EndProject
Project("{9A19103F-16F7-4668-BE54-9A1E7A4F7556}") = "LeBoxing", "LeBoxing\LeBoxing.csproj", "{86F2AD5B-3CDD-4BBA-AC8B-770EC043DD6C}"
EndProject
Project("{2150E333-8FDC-42A3-9474-1A3956D46DE8}") = "LesConditionsEtBoucles", "LesConditionsEtBoucles", "{002B7BCD-9308-4A1F-A675-517C8E20D81A}"
EndProject
Project("{9A19103F-16F7-4668-BE54-9A1E7A4F7556}") = "InstructionIfElse", "InstructionIfElse\InstructionIfElse.csproj", "{B75E961F-2CFA-4397-BC0F-973FBE1F2660}"
EndProject
Project("{FAE04EC0-301F-11D3-BF4B-00C04F79EFBC}") = "Exercice1", "Exercice1\Exercice1.csproj", "{329D81BD-4BBC-4D78-80C9-11F50EB05BDD}"
EndProject
Project("{FAE04EC0-301F-11D3-BF4B-00C04F79EFBC}") = "Exercice2", "Exercice2\Exercice2.csproj", "{15ECB3CC-0580-440B-AD11-8C43666C7C67}"
EndProject
Project("{FAE04EC0-301F-11D3-BF4B-00C04F79EFBC}") = "Exercice3", "Exercice3\Exercice3.csproj", "{71884A7D-D077-48A7-8F10-A8910745F184}"
EndProject
Project("{FAE04EC0-301F-11D3-BF4B-00C04F79EFBC}") = "Exercice4", "Exercice4\Exercice4.csproj", "{5523E66F-9082-412D-9D89-1E4B6AC903F6}"
EndProject
Project("{FAE04EC0-301F-11D3-BF4B-00C04F79EFBC}") = "Exercice5", "Exercice5\Exercice5.csproj", "{74DEA640-D5DD-446C-BB82-DF9A468F2397}"
EndProject
Global
	GlobalSection(SolutionConfigurationPlatforms) = preSolution
		Debug|Any CPU = Debug|Any CPU
		Release|Any CPU = Release|Any CPU
	EndGlobalSection
	GlobalSection(ProjectConfigurationPlatforms) = postSolution
		{BE0C090A-F2F1-4E83-909B-70C78118CEE8}.Debug|Any CPU.ActiveCfg = Debug|Any CPU
		{BE0C090A-F2F1-4E83-909B-70C78118CEE8}.Debug|Any CPU.Build.0 = Debug|Any CPU
		{BE0C090A-F2F1-4E83-909B-70C78118CEE8}.Release|Any CPU.ActiveCfg = Release|Any CPU
		{BE0C090A-F2F1-4E83-909B-70C78118CEE8}.Release|Any CPU.Build.0 = Release|Any CPU
		{F6DAE57A-3A65-4565-8699-DF23C168BAA3}.Debug|Any CPU.ActiveCfg = Debug|Any CPU
		{F6DAE57A-3A65-4565-8699-DF23C168BAA3}.Debug|Any CPU.Build.0 = Debug|Any CPU
		{F6DAE57A-3A65-4565-8699-DF23C168BAA3}.Release|Any CPU.ActiveCfg = Release|Any CPU
		{F6DAE57A-3A65-4565-8699-DF23C168BAA3}.Release|Any CPU.Build.0 = Release|Any CPU
		{68B802DA-9E8A-4E8F-8216-80A4591E2C0A}.Debug|Any CPU.ActiveCfg = Debug|Any CPU
		{68B802DA-9E8A-4E8F-8216-80A4591E2C0A}.Debug|Any CPU.Build.0 = Debug|Any CPU
		{68B802DA-9E8A-4E8F-8216-80A4591E2C0A}.Release|Any CPU.ActiveCfg = Release|Any CPU
		{68B802DA-9E8A-4E8F-8216-80A4591E2C0A}.Release|Any CPU.Build.0 = Release|Any CPU
		{86F2AD5B-3CDD-4BBA-AC8B-770EC043DD6C}.Debug|Any CPU.ActiveCfg = Debug|Any CPU
		{86F2AD5B-3CDD-4BBA-AC8B-770EC043DD6C}.Debug|Any CPU.Build.0 = Debug|Any CPU
		{86F2AD5B-3CDD-4BBA-AC8B-770EC043DD6C}.Release|Any CPU.ActiveCfg = Release|Any CPU
		{86F2AD5B-3CDD-4BBA-AC8B-770EC043DD6C}.Release|Any CPU.Build.0 = Release|Any CPU
		{B75E961F-2CFA-4397-BC0F-973FBE1F2660}.Debug|Any CPU.ActiveCfg = Debug|Any CPU
		{B75E961F-2CFA-4397-BC0F-973FBE1F2660}.Debug|Any CPU.Build.0 = Debug|Any CPU
		{B75E961F-2CFA-4397-BC0F-973FBE1F2660}.Release|Any CPU.ActiveCfg = Release|Any CPU
		{B75E961F-2CFA-4397-BC0F-973FBE1F2660}.Release|Any CPU.Build.0 = Release|Any CPU
		{329D81BD-4BBC-4D78-80C9-11F50EB05BDD}.Debug|Any CPU.ActiveCfg = Debug|Any CPU
		{329D81BD-4BBC-4D78-80C9-11F50EB05BDD}.Debug|Any CPU.Build.0 = Debug|Any CPU
		{329D81BD-4BBC-4D78-80C9-11F50EB05BDD}.Release|Any CPU.ActiveCfg = Release|Any CPU
		{329D81BD-4BBC-4D78-80C9-11F50EB05BDD}.Release|Any CPU.Build.0 = Release|Any CPU
		{15ECB3CC-0580-440B-AD11-8C43666C7C67}.Debug|Any CPU.ActiveCfg = Debug|Any CPU
		{15ECB3CC-0580-440B-AD11-8C43666C7C67}.Debug|Any CPU.Build.0 = Debug|Any CPU
		{15ECB3CC-0580-440B-AD11-8C43666C7C67}.Release|Any CPU.ActiveCfg = Release|Any CPU
		{15ECB3CC-0580-440B-AD11-8C43666C7C67}.Release|Any CPU.Build.0 = Release|Any CPU
		{71884A7D-D077-48A7-8F10-A8910745F184}.Debug|Any CPU.ActiveCfg = Debug|Any CPU
		{71884A7D-D077-48A7-8F10-A8910745F184}.Debug|Any CPU.Build.0 = Debug|Any CPU
		{71884A7D-D077-48A7-8F10-A8910745F184}.Release|Any CPU.ActiveCfg = Release|Any CPU
		{71884A7D-D077-48A7-8F10-A8910745F184}.Release|Any CPU.Build.0 = Release|Any CPU
		{5523E66F-9082-412D-9D89-1E4B6AC903F6}.Debug|Any CPU.ActiveCfg = Debug|Any CPU
		{5523E66F-9082-412D-9D89-1E4B6AC903F6}.Debug|Any CPU.Build.0 = Debug|Any CPU
		{5523E66F-9082-412D-9D89-1E4B6AC903F6}.Release|Any CPU.ActiveCfg = Release|Any CPU
		{5523E66F-9082-412D-9D89-1E4B6AC903F6}.Release|Any CPU.Build.0 = Release|Any CPU
		{74DEA640-D5DD-446C-BB82-DF9A468F2397}.Debug|Any CPU.ActiveCfg = Debug|Any CPU
		{74DEA640-D5DD-446C-BB82-DF9A468F2397}.Debug|Any CPU.Build.0 = Debug|Any CPU
		{74DEA640-D5DD-446C-BB82-DF9A468F2397}.Release|Any CPU.ActiveCfg = Release|Any CPU
		{74DEA640-D5DD-446C-BB82-DF9A468F2397}.Release|Any CPU.Build.0 = Release|Any CPU
	EndGlobalSection
	GlobalSection(SolutionProperties) = preSolution
		HideSolutionNode = FALSE
	EndGlobalSection
	GlobalSection(NestedProjects) = preSolution
		{7C8C1AFE-1373-4E51-8B78-E1032EBE6455} = {A41A8E86-6DD9-4849-91C8-FBA9188BCC4A}
		{3B9C94DB-6E07-4590-B5E4-D352BF0BAEF1} = {A41A8E86-6DD9-4849-91C8-FBA9188BCC4A}
		{FBA2B770-FD91-453B-8D70-FDB0480CC234} = {7C8C1AFE-1373-4E51-8B78-E1032EBE6455}
		{2F44E298-A356-47E7-92E1-15F42A2DC968} = {7C8C1AFE-1373-4E51-8B78-E1032EBE6455}
		{BE0C090A-F2F1-4E83-909B-70C78118CEE8} = {FBA2B770-FD91-453B-8D70-FDB0480CC234}
		{F6DAE57A-3A65-4565-8699-DF23C168BAA3} = {2F44E298-A356-47E7-92E1-15F42A2DC968}
		{F83BAB6B-11F4-41FC-A6E5-35096A60DFEE} = {7C8C1AFE-1373-4E51-8B78-E1032EBE6455}
		{68B802DA-9E8A-4E8F-8216-80A4591E2C0A} = {F83BAB6B-11F4-41FC-A6E5-35096A60DFEE}
		{86F2AD5B-3CDD-4BBA-AC8B-770EC043DD6C} = {F83BAB6B-11F4-41FC-A6E5-35096A60DFEE}
		{002B7BCD-9308-4A1F-A675-517C8E20D81A} = {7C8C1AFE-1373-4E51-8B78-E1032EBE6455}
		{B75E961F-2CFA-4397-BC0F-973FBE1F2660} = {002B7BCD-9308-4A1F-A675-517C8E20D81A}
		{329D81BD-4BBC-4D78-80C9-11F50EB05BDD} = {3B9C94DB-6E07-4590-B5E4-D352BF0BAEF1}
		{15ECB3CC-0580-440B-AD11-8C43666C7C67} = {3B9C94DB-6E07-4590-B5E4-D352BF0BAEF1}
		{71884A7D-D077-48A7-8F10-A8910745F184} = {3B9C94DB-6E07-4590-B5E4-D352BF0BAEF1}
		{5523E66F-9082-412D-9D89-1E4B6AC903F6} = {3B9C94DB-6E07-4590-B5E4-D352BF0BAEF1}
		{74DEA640-D5DD-446C-BB82-DF9A468F2397} = {3B9C94DB-6E07-4590-B5E4-D352BF0BAEF1}
	EndGlobalSection
	GlobalSection(ExtensibilityGlobals) = postSolution
		SolutionGuid = {F5F89044-D98C-46F5-8E78-8715B976ECF9}
	EndGlobalSection
EndGlobal
