
Microsoft Visual Studio Solution File, Format Version 12.00
# Visual Studio Version 17
VisualStudioVersion = 17.0.31919.166
MinimumVisualStudioVersion = 10.0.40219.1
Project("{2150E333-8FDC-42A3-9474-1A3956D46DE8}") = "LangageCSharp", "LangageCSharp", "{A41A8E86-6DD9-4849-91C8-FBA9188BCC4A}"
EndProject
Project("{2150E333-8FDC-42A3-9474-1A3956D46DE8}") = "Cours", "Cours", "{7C8C1AFE-1373-4E51-8B78-E1032EBE6455}"
EndProject
Project("{2150E333-8FDC-42A3-9474-1A3956D46DE8}") = "Exercices", "Exercices", "{3B9C94DB-6E07-4590-B5E4-D352BF0BAEF1}"
EndProject
Project("{2150E333-8FDC-42A3-9474-1A3956D46DE8}") = "LaConsole", "LaConsole", "{FBA2B770-FD91-453B-8D70-FDB0480CC234}"
EndProject
Project("{2150E333-8FDC-42A3-9474-1A3956D46DE8}") = "LesTypesDeVariable", "LesTypesDeVariable", "{2F44E298-A356-47E7-92E1-15F42A2DC968}"
EndProject
Project("{9A19103F-16F7-4668-BE54-9A1E7A4F7556}") = "Affichage", "FormationDotNET\LangageCSharp\Cours\Affichage\Affichage.csproj", "{BE0C090A-F2F1-4E83-909B-70C78118CEE8}"
EndProject
Project("{9A19103F-16F7-4668-BE54-9A1E7A4F7556}") = "LesVariables", "LesVariables\LesVariables.csproj", "{F6DAE57A-3A65-4565-8699-DF23C168BAA3}"
EndProject
Project("{2150E333-8FDC-42A3-9474-1A3956D46DE8}") = "LeCastingEtBoxing", "LeCastingEtBoxing", "{F83BAB6B-11F4-41FC-A6E5-35096A60DFEE}"
EndProject
Project("{9A19103F-16F7-4668-BE54-9A1E7A4F7556}") = "LeCasting", "LeCasting\LeCasting.csproj", "{68B802DA-9E8A-4E8F-8216-80A4591E2C0A}"
EndProject
Project("{9A19103F-16F7-4668-BE54-9A1E7A4F7556}") = "LeBoxing", "LeBoxing\LeBoxing.csproj", "{86F2AD5B-3CDD-4BBA-AC8B-770EC043DD6C}"
EndProject
Project("{2150E333-8FDC-42A3-9474-1A3956D46DE8}") = "LesConditionsEtBoucles", "LesConditionsEtBoucles", "{002B7BCD-9308-4A1F-A675-517C8E20D81A}"
EndProject
Project("{9A19103F-16F7-4668-BE54-9A1E7A4F7556}") = "InstructionIfElse", "InstructionIfElse\InstructionIfElse.csproj", "{B75E961F-2CFA-4397-BC0F-973FBE1F2660}"
EndProject
Project("{9A19103F-16F7-4668-BE54-9A1E7A4F7556}") = "Exercice01", "Exercice1\Exercice01.csproj", "{329D81BD-4BBC-4D78-80C9-11F50EB05BDD}"
EndProject
Project("{9A19103F-16F7-4668-BE54-9A1E7A4F7556}") = "Exercice02", "Exercice2\Exercice02.csproj", "{15ECB3CC-0580-440B-AD11-8C43666C7C67}"
EndProject
Project("{9A19103F-16F7-4668-BE54-9A1E7A4F7556}") = "Exercice03", "Exercice3\Exercice03.csproj", "{71884A7D-D077-48A7-8F10-A8910745F184}"
EndProject
Project("{9A19103F-16F7-4668-BE54-9A1E7A4F7556}") = "Exercice04", "Exercice4\Exercice04.csproj", "{5523E66F-9082-412D-9D89-1E4B6AC903F6}"
EndProject
Project("{9A19103F-16F7-4668-BE54-9A1E7A4F7556}") = "Exercice05", "Exercice5\Exercice05.csproj", "{74DEA640-D5DD-446C-BB82-DF9A468F2397}"
EndProject
Project("{2150E333-8FDC-42A3-9474-1A3956D46DE8}") = "SujetExercices", "SujetExercices", "{5AE9B2C6-10F3-4482-8739-76F500321F92}"
	ProjectSection(SolutionItems) = preProject
		..\..\..\..\..\..\..\MesFormations\FormationC#-NET\Sujet Exercices\SujetExercicesCSharp\Exercice1-AffichageConsole\Exercices01_AffichageConsole.pdf = ..\..\..\..\..\..\..\MesFormations\FormationC#-NET\Sujet Exercices\SujetExercicesCSharp\Exercice1-AffichageConsole\Exercices01_AffichageConsole.pdf
		..\..\..\..\..\..\..\MesFormations\FormationC#-NET\Sujet Exercices\SujetExercicesCSharp\Exercice2-VariableString\Exercices02-VariableString.pdf = ..\..\..\..\..\..\..\MesFormations\FormationC#-NET\Sujet Exercices\SujetExercicesCSharp\Exercice2-VariableString\Exercices02-VariableString.pdf
		..\..\..\..\..\..\..\MesFormations\FormationC#-NET\Sujet Exercices\SujetExercicesCSharp\Exercice3-VariableStringConcat\Exercices03-VariableStringConcat.pdf = ..\..\..\..\..\..\..\MesFormations\FormationC#-NET\Sujet Exercices\SujetExercicesCSharp\Exercice3-VariableStringConcat\Exercices03-VariableStringConcat.pdf
		..\..\..\..\..\..\..\MesFormations\FormationC#-NET\Sujet Exercices\SujetExercicesCSharp\Exercice4-VariableIntConcat\Exercices04-VariableIntConcat.pdf = ..\..\..\..\..\..\..\MesFormations\FormationC#-NET\Sujet Exercices\SujetExercicesCSharp\Exercice4-VariableIntConcat\Exercices04-VariableIntConcat.pdf
		..\..\..\..\..\..\..\MesFormations\FormationC#-NET\Sujet Exercices\SujetExercicesCSharp\Exercice5-VariableNumerique\Exercices05-VariableNumerique.pdf = ..\..\..\..\..\..\..\MesFormations\FormationC#-NET\Sujet Exercices\SujetExercicesCSharp\Exercice5-VariableNumerique\Exercices05-VariableNumerique.pdf
		..\..\..\..\..\..\..\MesFormations\FormationC#-NET\Sujet Exercices\SujetExercicesCSharp\Exercice6-CalculAireCarré\Exercices06-CalculAireCarre.pdf = ..\..\..\..\..\..\..\MesFormations\FormationC#-NET\Sujet Exercices\SujetExercicesCSharp\Exercice6-CalculAireCarré\Exercices06-CalculAireCarre.pdf
		..\..\..\..\..\..\..\MesFormations\FormationC#-NET\Sujet Exercices\SujetExercicesCSharp\Exercice7-CalculHypothenuse\Exercices07-CalculHyothénuse.pdf = ..\..\..\..\..\..\..\MesFormations\FormationC#-NET\Sujet Exercices\SujetExercicesCSharp\Exercice7-CalculHypothenuse\Exercices07-CalculHyothénuse.pdf
		..\..\..\..\..\..\..\MesFormations\FormationC#-NET\Sujet Exercices\SujetExercicesCSharp\Exercice8-CalculMontantT.V.A\Exercices08-CalculTVA.pdf = ..\..\..\..\..\..\..\MesFormations\FormationC#-NET\Sujet Exercices\SujetExercicesCSharp\Exercice8-CalculMontantT.V.A\Exercices08-CalculTVA.pdf
		..\..\..\..\..\..\..\MesFormations\FormationC#-NET\Sujet Exercices\SujetExercicesCSharp\Exercice9-CalculTauxInteret\Exercices09-CalculInterets.pdf = ..\..\..\..\..\..\..\MesFormations\FormationC#-NET\Sujet Exercices\SujetExercicesCSharp\Exercice9-CalculTauxInteret\Exercices09-CalculInterets.pdf
		..\..\..\..\..\..\..\MesFormations\FormationC#-NET\Sujet Exercices\SujetExercicesCSharp\Exercice10-IfElseVoyelle\Exercices10-IfElseVoyelle.pdf = ..\..\..\..\..\..\..\MesFormations\FormationC#-NET\Sujet Exercices\SujetExercicesCSharp\Exercice10-IfElseVoyelle\Exercices10-IfElseVoyelle.pdf
		..\..\..\..\..\..\..\MesFormations\FormationC#-NET\Sujet Exercices\SujetExercicesCSharp\Exercice11-IfElseNombreDivisible\Exercices11-IfElseNombreDivisible.pdf = ..\..\..\..\..\..\..\MesFormations\FormationC#-NET\Sujet Exercices\SujetExercicesCSharp\Exercice11-IfElseNombreDivisible\Exercices11-IfElseNombreDivisible.pdf
		..\..\..\..\..\..\..\MesFormations\FormationC#-NET\Sujet Exercices\SujetExercicesCSharp\Exercice12-IfElseQuelleCatégorie\Exercices12-IfElseQuelleCatégorie.pdf = ..\..\..\..\..\..\..\MesFormations\FormationC#-NET\Sujet Exercices\SujetExercicesCSharp\Exercice12-IfElseQuelleCatégorie\Exercices12-IfElseQuelleCatégorie.pdf
		..\..\..\..\..\..\..\MesFormations\FormationC#-NET\Sujet Exercices\SujetExercicesCSharp\Exercice13-IfElseTriangle\Exercices13-IfElseTriangle.pdf = ..\..\..\..\..\..\..\MesFormations\FormationC#-NET\Sujet Exercices\SujetExercicesCSharp\Exercice13-IfElseTriangle\Exercices13-IfElseTriangle.pdf
		..\..\..\..\..\..\..\MesFormations\FormationC#-NET\Sujet Exercices\SujetExercicesCSharp\Exercice14-IfElseTailleVêtement\Exercices14-TailleVêtement.pdf = ..\..\..\..\..\..\..\MesFormations\FormationC#-NET\Sujet Exercices\SujetExercicesCSharp\Exercice14-IfElseTailleVêtement\Exercices14-TailleVêtement.pdf
		..\..\..\..\..\..\..\MesFormations\FormationC#-NET\Sujet Exercices\SujetExercicesCSharp\Exercice15-IfElsePrimeLicenciement\Exercices15-PrimeLicenciement.pdf = ..\..\..\..\..\..\..\MesFormations\FormationC#-NET\Sujet Exercices\SujetExercicesCSharp\Exercice15-IfElsePrimeLicenciement\Exercices15-PrimeLicenciement.pdf
		..\..\..\..\..\..\..\MesFormations\FormationC#-NET\Sujet Exercices\SujetExercicesCSharp\Exercice16-IfElseCalculImpôts\Exercices16-CalculImpôts_rev.pdf = ..\..\..\..\..\..\..\MesFormations\FormationC#-NET\Sujet Exercices\SujetExercicesCSharp\Exercice16-IfElseCalculImpôts\Exercices16-CalculImpôts_rev.pdf
		..\..\..\..\..\..\..\MesFormations\FormationC#-NET\Sujet Exercices\SujetExercicesCSharp\Exercice17-SwitchBoissons\Exercices17-QuelleBoisson.pdf = ..\..\..\..\..\..\..\MesFormations\FormationC#-NET\Sujet Exercices\SujetExercicesCSharp\Exercice17-SwitchBoissons\Exercices17-QuelleBoisson.pdf
		..\..\..\..\..\..\..\MesFormations\FormationC#-NET\Sujet Exercices\SujetExercicesCSharp\Exercice18-SwitchQuelleCategorie\Exercices18-SwitchQuelleCategorie.pdf = ..\..\..\..\..\..\..\MesFormations\FormationC#-NET\Sujet Exercices\SujetExercicesCSharp\Exercice18-SwitchQuelleCategorie\Exercices18-SwitchQuelleCategorie.pdf
		..\..\..\..\..\..\..\MesFormations\FormationC#-NET\Sujet Exercices\SujetExercicesCSharp\Exercice19-SwitchImpôts\Exercices19-SwitchImpôts.pdf = ..\..\..\..\..\..\..\MesFormations\FormationC#-NET\Sujet Exercices\SujetExercicesCSharp\Exercice19-SwitchImpôts\Exercices19-SwitchImpôts.pdf
		..\..\..\..\..\..\..\MesFormations\FormationC#-NET\Sujet Exercices\SujetExercicesCSharp\Exercice20-ForCompterA10\Exercices20-ForCompterA10.pdf = ..\..\..\..\..\..\..\MesFormations\FormationC#-NET\Sujet Exercices\SujetExercicesCSharp\Exercice20-ForCompterA10\Exercices20-ForCompterA10.pdf
		..\..\..\..\..\..\..\MesFormations\FormationC#-NET\Sujet Exercices\SujetExercicesCSharp\Exercice21-ForMenusEtSousMenus\Exercices21-ForMenusSousMenus.pdf = ..\..\..\..\..\..\..\MesFormations\FormationC#-NET\Sujet Exercices\SujetExercicesCSharp\Exercice21-ForMenusEtSousMenus\Exercices21-ForMenusSousMenus.pdf
		..\..\..\..\..\..\..\MesFormations\FormationC#-NET\Sujet Exercices\SujetExercicesCSharp\Exercice22-ForTableMultiplication\Exercices22-ForTableMultiplication.pdf = ..\..\..\..\..\..\..\MesFormations\FormationC#-NET\Sujet Exercices\SujetExercicesCSharp\Exercice22-ForTableMultiplication\Exercices22-ForTableMultiplication.pdf
		..\..\..\..\..\..\..\MesFormations\FormationC#-NET\Sujet Exercices\SujetExercicesCSharp\Exercice23-ForAccroissementPopulation\Exercices23-ForAcroissementPopulation.pdf = ..\..\..\..\..\..\..\MesFormations\FormationC#-NET\Sujet Exercices\SujetExercicesCSharp\Exercice23-ForAccroissementPopulation\Exercices23-ForAcroissementPopulation.pdf
		..\..\..\..\..\..\..\MesFormations\FormationC#-NET\Sujet Exercices\SujetExercicesCSharp\Exercice24-ForChaineEntiers\Exercices24-ForChaineEntiers.pdf = ..\..\..\..\..\..\..\MesFormations\FormationC#-NET\Sujet Exercices\SujetExercicesCSharp\Exercice24-ForChaineEntiers\Exercices24-ForChaineEntiers.pdf
		..\..\..\..\..\..\..\MesFormations\FormationC#-NET\Sujet Exercices\SujetExercicesCSharp\Exercice25-ForMeilleureNote\Exercices25-ForMeilleureNote.pdf = ..\..\..\..\..\..\..\MesFormations\FormationC#-NET\Sujet Exercices\SujetExercicesCSharp\Exercice25-ForMeilleureNote\Exercices25-ForMeilleureNote.pdf
		..\..\..\..\..\..\..\MesFormations\FormationC#-NET\Sujet Exercices\SujetExercicesCSharp\Exercice26-WhileAcroissementPopulation\Exercices26-WhileAcroissementPopulation.pdf = ..\..\..\..\..\..\..\MesFormations\FormationC#-NET\Sujet Exercices\SujetExercicesCSharp\Exercice26-WhileAcroissementPopulation\Exercices26-WhileAcroissementPopulation.pdf
		..\..\..\..\..\..\..\MesFormations\FormationC#-NET\Sujet Exercices\SujetExercicesCSharp\Exercice27-WhileChaineEntiers\Exercices27-ForChaineEntiers.pdf = ..\..\..\..\..\..\..\MesFormations\FormationC#-NET\Sujet Exercices\SujetExercicesCSharp\Exercice27-WhileChaineEntiers\Exercices27-ForChaineEntiers.pdf
		..\..\..\..\..\..\..\MesFormations\FormationC#-NET\Sujet Exercices\SujetExercicesCSharp\Exercice28-WhileNombreMystere\Exercices28-WhileNombreMystere.pdf = ..\..\..\..\..\..\..\MesFormations\FormationC#-NET\Sujet Exercices\SujetExercicesCSharp\Exercice28-WhileNombreMystere\Exercices28-WhileNombreMystere.pdf
		..\..\..\..\..\..\..\MesFormations\FormationC#-NET\Sujet Exercices\SujetExercicesCSharp\Exercice29-WhileGestionDesNotes\Exercices29-WhileMeilleureNote.pdf = ..\..\..\..\..\..\..\MesFormations\FormationC#-NET\Sujet Exercices\SujetExercicesCSharp\Exercice29-WhileGestionDesNotes\Exercices29-WhileMeilleureNote.pdf
		..\..\..\..\..\..\..\MesFormations\FormationC#-NET\Sujet Exercices\SujetExercicesCSharp\Exercice30-DoWhileQuestionMultiple\Exercices30-DoWhileQuestionMultiple.pdf = ..\..\..\..\..\..\..\MesFormations\FormationC#-NET\Sujet Exercices\SujetExercicesCSharp\Exercice30-DoWhileQuestionMultiple\Exercices30-DoWhileQuestionMultiple.pdf
		..\..\..\..\..\..\..\MesFormations\FormationC#-NET\Sujet Exercices\SujetExercicesCSharp\Exercice31-DoWhileGestionNoteMenu\Exercices31-DoWhileGestionNoteMenu.pdf = ..\..\..\..\..\..\..\MesFormations\FormationC#-NET\Sujet Exercices\SujetExercicesCSharp\Exercice31-DoWhileGestionNoteMenu\Exercices31-DoWhileGestionNoteMenu.pdf
		..\..\..\..\..\..\..\MesFormations\FormationC#-NET\Sujet Exercices\SujetExercicesCSharp\Exercice32-TableauxInsertionValeurs\Exercices32-TableauInsertionValeurs.pdf = ..\..\..\..\..\..\..\MesFormations\FormationC#-NET\Sujet Exercices\SujetExercicesCSharp\Exercice32-TableauxInsertionValeurs\Exercices32-TableauInsertionValeurs.pdf
		..\..\..\..\..\..\..\MesFormations\FormationC#-NET\Sujet Exercices\SujetExercicesCSharp\Exercice33-TableauTableASCII\Exercices33-TableauTableASCII.pdf = ..\..\..\..\..\..\..\MesFormations\FormationC#-NET\Sujet Exercices\SujetExercicesCSharp\Exercice33-TableauTableASCII\Exercices33-TableauTableASCII.pdf
		..\..\..\..\..\..\..\MesFormations\FormationC#-NET\Sujet Exercices\SujetExercicesCSharp\Exercice34-TableauEstPairEstImpair\Exercices34-TableauEstPairEstImpair.pdf = ..\..\..\..\..\..\..\MesFormations\FormationC#-NET\Sujet Exercices\SujetExercicesCSharp\Exercice34-TableauEstPairEstImpair\Exercices34-TableauEstPairEstImpair.pdf
		..\..\..\..\..\..\..\MesFormations\FormationC#-NET\Sujet Exercices\SujetExercicesCSharp\Exercice35-TableauListeContact\Exercices35-TableauListeContacts.pdf = ..\..\..\..\..\..\..\MesFormations\FormationC#-NET\Sujet Exercices\SujetExercicesCSharp\Exercice35-TableauListeContact\Exercices35-TableauListeContacts.pdf
		..\..\..\..\..\..\..\MesFormations\FormationC#-NET\Sujet Exercices\SujetExercicesCSharp\Exercice36-TableauDeNotes\Exercices36-TableauDeNotes.pdf = ..\..\..\..\..\..\..\MesFormations\FormationC#-NET\Sujet Exercices\SujetExercicesCSharp\Exercice36-TableauDeNotes\Exercices36-TableauDeNotes.pdf
		..\..\..\..\..\..\..\MesFormations\FormationC#-NET\Sujet Exercices\SujetExercicesCSharp\Exercice37-ForeachMois\Exercices37-ForeachLesMois.pdf = ..\..\..\..\..\..\..\MesFormations\FormationC#-NET\Sujet Exercices\SujetExercicesCSharp\Exercice37-ForeachMois\Exercices37-ForeachLesMois.pdf
		..\..\..\..\..\..\..\MesFormations\FormationC#-NET\Sujet Exercices\SujetExercicesCSharp\Exercice38-ForeachOuEstPasse\Exercices38-ForeachOuEstPasse.pdf = ..\..\..\..\..\..\..\MesFormations\FormationC#-NET\Sujet Exercices\SujetExercicesCSharp\Exercice38-ForeachOuEstPasse\Exercices38-ForeachOuEstPasse.pdf
	EndProjectSection
EndProject
Project("{9A19103F-16F7-4668-BE54-9A1E7A4F7556}") = "Exercice06", "Exercice6\Exercice06.csproj", "{3C48ED9A-C1B0-444A-A6F3-44512576DC24}"
EndProject
Project("{9A19103F-16F7-4668-BE54-9A1E7A4F7556}") = "Exercice07", "Exercice7\Exercice07.csproj", "{C3F7C580-91F5-43C2-8E9F-B7BCA7BF6A6D}"
EndProject
Project("{9A19103F-16F7-4668-BE54-9A1E7A4F7556}") = "Exercice08", "Exercice8\Exercice08.csproj", "{2BEC458C-90B9-4FD1-8DD4-EFB1350488FE}"
EndProject
Project("{9A19103F-16F7-4668-BE54-9A1E7A4F7556}") = "Exercice09", "Exercice9\Exercice09.csproj", "{720B8E43-8827-4377-B9CF-88B6EFD1B82D}"
EndProject
Project("{9A19103F-16F7-4668-BE54-9A1E7A4F7556}") = "Exercice10-IfElseVoyelle", "Exercice10\Exercice10-IfElseVoyelle.csproj", "{83B9CFFA-91A8-413C-ACD9-7EF38D20954C}"
EndProject
Project("{9A19103F-16F7-4668-BE54-9A1E7A4F7556}") = "Exercice11-IfElseNombreDivisible", "Exercice11\Exercice11-IfElseNombreDivisible.csproj", "{9B06E1F0-0FCA-47C2-B248-5132C9334F38}"
EndProject
Project("{9A19103F-16F7-4668-BE54-9A1E7A4F7556}") = "Exercice12-IfElseQuelleCategorie", "Exercice12\Exercice12-IfElseQuelleCategorie.csproj", "{DC97A46F-58A2-4E77-8896-5B22D5F4824E}"
EndProject
Project("{9A19103F-16F7-4668-BE54-9A1E7A4F7556}") = "Exercice13-IfElseTriangle", "Exercice13\Exercice13-IfElseTriangle.csproj", "{4E416805-0EA4-4F62-AAD3-42EDC4F58094}"
EndProject
Project("{9A19103F-16F7-4668-BE54-9A1E7A4F7556}") = "Exercice14-ElseIfTailleVetements", "Exercice14\Exercice14-ElseIfTailleVetements.csproj", "{387154F8-29DE-4130-BC5E-8B128ADA52E1}"
EndProject
Project("{9A19103F-16F7-4668-BE54-9A1E7A4F7556}") = "Exercice15-ElseIfPrimeLicenciement", "Exercice15\Exercice15-ElseIfPrimeLicenciement.csproj", "{4B724D97-5975-49B8-9D51-CD35CBBE05C6}"
EndProject
Project("{9A19103F-16F7-4668-BE54-9A1E7A4F7556}") = "Exercice16-ElseIfCalculImpots", "Exercice16\Exercice16-ElseIfCalculImpots.csproj", "{A9DBBE4A-70A0-4A39-8759-E73A83F82FF2}"
EndProject
Project("{2150E333-8FDC-42A3-9474-1A3956D46DE8}") = "SwitchCase", "SwitchCase", "{A70F3C05-467D-43DC-ADD5-9155A16E32CC}"
EndProject
Project("{9A19103F-16F7-4668-BE54-9A1E7A4F7556}") = "SwitchCase", "SwitchCase\SwitchCase.csproj", "{46D3D4CD-7963-4BAF-ACEC-9973BAEE4F0E}"
EndProject
Project("{9A19103F-16F7-4668-BE54-9A1E7A4F7556}") = "Exercice17-SwitchBoisson", "Exercice17\Exercice17-SwitchBoisson.csproj", "{016C9106-722F-4929-892F-93CAA264CBF0}"
EndProject
Project("{9A19103F-16F7-4668-BE54-9A1E7A4F7556}") = "TestSwitch9", "TestSwitch9\TestSwitch9.csproj", "{942451A1-143D-49E6-B635-78C033F9DF9E}"
EndProject
Project("{9A19103F-16F7-4668-BE54-9A1E7A4F7556}") = "Exercice18-SwitchQuelleCategorie", "Exercice18\Exercice18-SwitchQuelleCategorie.csproj", "{8FCAFA40-3F5F-490B-88DD-3C1F30B7023B}"
EndProject
Project("{9A19103F-16F7-4668-BE54-9A1E7A4F7556}") = "Exercice19-SwitchImpots", "Exercice19\Exercice19-SwitchImpots.csproj", "{D30102AF-4042-44C8-B32F-E3CB56B3A5E8}"
EndProject
Project("{9A19103F-16F7-4668-BE54-9A1E7A4F7556}") = "BoucleFor", "BoucleFor\BoucleFor.csproj", "{D50BEC84-E3F8-45B5-A8C1-94A155C9CE5D}"
EndProject
Project("{9A19103F-16F7-4668-BE54-9A1E7A4F7556}") = "Exercice20-ForCompterADix", "Exercice20\Exercice20-ForCompterADix.csproj", "{9D225EB3-F00A-4DC5-BDE3-AA6A4762015D}"
EndProject
Project("{9A19103F-16F7-4668-BE54-9A1E7A4F7556}") = "Exercice21-MenuEtSousMenu", "Exercice21-MenuEtSousMenu\Exercice21-MenuEtSousMenu.csproj", "{49C6863D-17B6-4BD7-B038-611BA0950C22}"
EndProject
Project("{9A19103F-16F7-4668-BE54-9A1E7A4F7556}") = "Exercice22-TableMultiplication", "Exercice22-TableMultiplication\Exercice22-TableMultiplication.csproj", "{99F59686-1639-4545-891A-523238C6D1F1}"
EndProject
Project("{9A19103F-16F7-4668-BE54-9A1E7A4F7556}") = "Exercice23-ForAccroissement", "Exercice23-ForAccroissement\Exercice23-ForAccroissement.csproj", "{69CA3889-6F2E-4B12-A98B-ED9D0C181CC8}"
EndProject
Project("{9A19103F-16F7-4668-BE54-9A1E7A4F7556}") = "Exercice24-ForChaineEntier", "Exercice24-ForChaineEntier\Exercice24-ForChaineEntier.csproj", "{EC0D16AF-BC40-4C76-8307-37CBAFAABD79}"
EndProject
Project("{9A19103F-16F7-4668-BE54-9A1E7A4F7556}") = "Exercice25-ForGestionNotes", "Exercice25-ForGestionNotes\Exercice25-ForGestionNotes.csproj", "{9F860B09-A4F5-4034-9DC9-96BD56C9777D}"
EndProject
Project("{9A19103F-16F7-4668-BE54-9A1E7A4F7556}") = "BoucleWhile", "BoucleWhile\BoucleWhile.csproj", "{EF1CABEF-26D0-4835-9C67-B46ADA3F6D8A}"
EndProject
Project("{9A19103F-16F7-4668-BE54-9A1E7A4F7556}") = "BoucleDoWhile", "BoucleDoWhile\BoucleDoWhile.csproj", "{725F8C2E-47C2-4ACF-9242-001A1AE32263}"
EndProject
Project("{9A19103F-16F7-4668-BE54-9A1E7A4F7556}") = "InstructionIfElseIfElse", "InstructionIfElseIfElse\InstructionIfElseIfElse.csproj", "{7E101810-8E04-46DD-A887-DB90D150ED1F}"
EndProject
Project("{9A19103F-16F7-4668-BE54-9A1E7A4F7556}") = "Exercice26-WhileAccroissementPop", "Exercice26-WhileAccroissementPop\Exercice26-WhileAccroissementPop.csproj", "{3DA419B1-0D62-4E75-A0E7-DC6E639795DF}"
EndProject
Project("{9A19103F-16F7-4668-BE54-9A1E7A4F7556}") = "Exercice27-WhileChaineEntier", "Exercice27-WhileChaineEntier\Exercice27-WhileChaineEntier.csproj", "{B8AA14E3-7F0C-4C1C-942C-2BA6A22BE7E6}"
EndProject
Project("{9A19103F-16F7-4668-BE54-9A1E7A4F7556}") = "Exercice28-WhileNbMystere", "Exercice28-NbMystere\Exercice28-WhileNbMystere.csproj", "{D5AD0DEB-0F23-405F-8938-B67F3274A13C}"
EndProject
Project("{9A19103F-16F7-4668-BE54-9A1E7A4F7556}") = "InstructionBreakContinue", "InstructionBreakContinue\InstructionBreakContinue.csproj", "{635E7DBF-B14F-47B4-ACD6-D384FD62D987}"
EndProject
Project("{9A19103F-16F7-4668-BE54-9A1E7A4F7556}") = "Exercice29-WhileGestionNotes", "Exercice29-WhileGestionNotes\Exercice29-WhileGestionNotes.csproj", "{AD6D4E29-2936-4039-B4D8-4DB83E1C9C92}"
EndProject
Project("{9A19103F-16F7-4668-BE54-9A1E7A4F7556}") = "Exercice30-DoWhileChoixMultiple", "Exercice30-DoWhileChoixMultiple\Exercice30-DoWhileChoixMultiple.csproj", "{723A0E90-8B60-4CCE-A3E8-51DD76D07E3D}"
EndProject
Project("{2150E333-8FDC-42A3-9474-1A3956D46DE8}") = "LesTableaux", "LesTableaux", "{85FB3622-82CB-4EF3-AC7B-35479E220218}"
EndProject
Project("{9A19103F-16F7-4668-BE54-9A1E7A4F7556}") = "LesTableaux", "LesTableaux\LesTableaux.csproj", "{B6AEB8E3-6FD3-4B6E-815C-E4F7BA03CD32}"
EndProject
Project("{9A19103F-16F7-4668-BE54-9A1E7A4F7556}") = "Exercice31-DoWhileGestionNoteMenu", "Exercice31\Exercice31-DoWhileGestionNoteMenu.csproj", "{2BCA8E97-4230-47A0-8789-7F61E7F9A387}"
EndProject
Project("{9A19103F-16F7-4668-BE54-9A1E7A4F7556}") = "Exercice32-TableauxInsertionValeurs", "Exercice32\Exercice32-TableauxInsertionValeurs.csproj", "{4650DD85-5D2E-4A79-83D4-4D58B831E2E3}"
EndProject
Project("{9A19103F-16F7-4668-BE54-9A1E7A4F7556}") = "Exercice33-TableauxTableASCII", "Exercice33\Exercice33-TableauxTableASCII.csproj", "{3A8E29D0-A848-43DB-82C2-6C6B28FB78BA}"
EndProject
Project("{9A19103F-16F7-4668-BE54-9A1E7A4F7556}") = "Exercice34-TableauxEstPairEstImpair", "Exercice34\Exercice34-TableauxEstPairEstImpair.csproj", "{C3FB74D2-390E-4B62-9011-3E5D66844C5E}"
EndProject
Project("{9A19103F-16F7-4668-BE54-9A1E7A4F7556}") = "Exercice35-TableauxListeContacts", "Exercice35\Exercice35-TableauxListeContacts.csproj", "{492DEFEF-3148-4711-BAED-B7647DDF83FC}"
EndProject
Project("{9A19103F-16F7-4668-BE54-9A1E7A4F7556}") = "Exercice36-TableauxDeNotes", "Exercice36\Exercice36-TableauxDeNotes.csproj", "{E9460C23-92AA-430C-AECB-B9322C04EDFA}"
EndProject
Project("{9A19103F-16F7-4668-BE54-9A1E7A4F7556}") = "BoucleForeEach", "BoucleForeEach\BoucleForeEach.csproj", "{F1BA8FF9-E0AF-4C2E-8732-5380996FE8C2}"
EndProject
Project("{9A19103F-16F7-4668-BE54-9A1E7A4F7556}") = "CopieTableauClone", "CopieTableauClone\CopieTableauClone.csproj", "{260BBBF8-DB8B-4FC0-8CDF-E618CED550D9}"
EndProject
Project("{9A19103F-16F7-4668-BE54-9A1E7A4F7556}") = "CopieTableauReference", "CopieTableauReference\CopieTableauReference.csproj", "{446BEDCA-10CD-4E8B-B2D7-62996BB53B99}"
EndProject
Project("{9A19103F-16F7-4668-BE54-9A1E7A4F7556}") = "CopieTableauCopyTo", "TableauCopyTo\CopieTableauCopyTo.csproj", "{13A77A34-8D19-4EE3-88B7-E9466CF8B50D}"
EndProject
Project("{2150E333-8FDC-42A3-9474-1A3956D46DE8}") = "LesMethodes", "LesMethodes", "{B9836C57-5A7E-438E-B68B-5F6F7527CB58}"
EndProject
Project("{9A19103F-16F7-4668-BE54-9A1E7A4F7556}") = "LesMethodes", "LesMethodes\LesMethodes.csproj", "{543C7B9F-2A01-4241-B4C1-BB910F8F2357}"
EndProject
Project("{9A19103F-16F7-4668-BE54-9A1E7A4F7556}") = "MethodeConvert", "MethodeConvert\MethodeConvert.csproj", "{8D1DDC76-89D0-45C2-85D0-8F8219F6CD47}"
EndProject
Project("{9A19103F-16F7-4668-BE54-9A1E7A4F7556}") = "MethodeRandom", "MethodeRandom\MethodeRandom.csproj", "{F8BA36E6-5302-486F-A987-F208A02E5BF3}"
EndProject
Project("{9A19103F-16F7-4668-BE54-9A1E7A4F7556}") = "MethodeTryParse", "MethodeTryParse\MethodeTryParse.csproj", "{15B8A906-049D-4E41-9F92-C2CE27637D99}"
EndProject
Project("{9A19103F-16F7-4668-BE54-9A1E7A4F7556}") = "Exercice37-ForeachMois", "Exercice37\Exercice37-ForeachMois.csproj", "{876D1B13-A2C1-40DA-813E-A1682A22828B}"
EndProject
Project("{9A19103F-16F7-4668-BE54-9A1E7A4F7556}") = "Exercice38-ForeachOuEstPasse", "Exercice38\Exercice38-ForeachOuEstPasse.csproj", "{3A3F8BA1-44D3-4E22-B902-B2B7BE188841}"
EndProject
Project("{9A19103F-16F7-4668-BE54-9A1E7A4F7556}") = "Exercice31Bis-AvecFonctions", "Exercice31Bis-AvecFonctions\Exercice31Bis-AvecFonctions.csproj", "{49AF93D5-AC29-4107-A40D-DC336F31314E}"
EndProject
Project("{2150E333-8FDC-42A3-9474-1A3956D46DE8}") = "POO", "POO", "{F17DFEE1-6DA4-4630-87BC-EC6A35746D75}"
EndProject
Project("{2150E333-8FDC-42A3-9474-1A3956D46DE8}") = "Cours", "Cours", "{130E5F56-7C76-4675-9776-077D0C8D5463}"
EndProject
Project("{2150E333-8FDC-42A3-9474-1A3956D46DE8}") = "TpPoo", "TpPoo", "{C1210147-83C6-4C09-AB95-B974B8E419DD}"
EndProject
Project("{9A19103F-16F7-4668-BE54-9A1E7A4F7556}") = "PremiereClasses", "PremiereClasses\PremiereClasses.csproj", "{4306D0E1-D44A-42EF-ABC4-7B6675932E16}"
EndProject
Project("{2150E333-8FDC-42A3-9474-1A3956D46DE8}") = "TpClasseChaise", "TpClasseChaise", "{CE7EC99B-8030-4D87-8E61-FE178309E066}"
EndProject
Project("{9A19103F-16F7-4668-BE54-9A1E7A4F7556}") = "TpClasseChaise", "TpClasseChaise\TpClasseChaise.csproj", "{FB264567-FEF3-46DA-8CC0-F112B612E597}"
EndProject
Project("{2150E333-8FDC-42A3-9474-1A3956D46DE8}") = "TpClasseSalarie", "TpClasseSalarie", "{C316F989-71F5-41C1-BDF3-7E9D5C126766}"
EndProject
Project("{FAE04EC0-301F-11D3-BF4B-00C04F79EFBC}") = "TpClasseSalarie", "TpClasseSalarie\TpClasseSalarie.csproj", "{B08EF4CA-89E9-49D8-86B3-5477CDF07EF1}"
EndProject
Global
	GlobalSection(SolutionConfigurationPlatforms) = preSolution
		Debug|Any CPU = Debug|Any CPU
		Release|Any CPU = Release|Any CPU
	EndGlobalSection
	GlobalSection(ProjectConfigurationPlatforms) = postSolution
		{BE0C090A-F2F1-4E83-909B-70C78118CEE8}.Debug|Any CPU.ActiveCfg = Debug|Any CPU
		{BE0C090A-F2F1-4E83-909B-70C78118CEE8}.Debug|Any CPU.Build.0 = Debug|Any CPU
		{BE0C090A-F2F1-4E83-909B-70C78118CEE8}.Release|Any CPU.ActiveCfg = Release|Any CPU
		{BE0C090A-F2F1-4E83-909B-70C78118CEE8}.Release|Any CPU.Build.0 = Release|Any CPU
		{F6DAE57A-3A65-4565-8699-DF23C168BAA3}.Debug|Any CPU.ActiveCfg = Debug|Any CPU
		{F6DAE57A-3A65-4565-8699-DF23C168BAA3}.Debug|Any CPU.Build.0 = Debug|Any CPU
		{F6DAE57A-3A65-4565-8699-DF23C168BAA3}.Release|Any CPU.ActiveCfg = Release|Any CPU
		{F6DAE57A-3A65-4565-8699-DF23C168BAA3}.Release|Any CPU.Build.0 = Release|Any CPU
		{68B802DA-9E8A-4E8F-8216-80A4591E2C0A}.Debug|Any CPU.ActiveCfg = Debug|Any CPU
		{68B802DA-9E8A-4E8F-8216-80A4591E2C0A}.Debug|Any CPU.Build.0 = Debug|Any CPU
		{68B802DA-9E8A-4E8F-8216-80A4591E2C0A}.Release|Any CPU.ActiveCfg = Release|Any CPU
		{68B802DA-9E8A-4E8F-8216-80A4591E2C0A}.Release|Any CPU.Build.0 = Release|Any CPU
		{86F2AD5B-3CDD-4BBA-AC8B-770EC043DD6C}.Debug|Any CPU.ActiveCfg = Debug|Any CPU
		{86F2AD5B-3CDD-4BBA-AC8B-770EC043DD6C}.Debug|Any CPU.Build.0 = Debug|Any CPU
		{86F2AD5B-3CDD-4BBA-AC8B-770EC043DD6C}.Release|Any CPU.ActiveCfg = Release|Any CPU
		{86F2AD5B-3CDD-4BBA-AC8B-770EC043DD6C}.Release|Any CPU.Build.0 = Release|Any CPU
		{B75E961F-2CFA-4397-BC0F-973FBE1F2660}.Debug|Any CPU.ActiveCfg = Debug|Any CPU
		{B75E961F-2CFA-4397-BC0F-973FBE1F2660}.Debug|Any CPU.Build.0 = Debug|Any CPU
		{B75E961F-2CFA-4397-BC0F-973FBE1F2660}.Release|Any CPU.ActiveCfg = Release|Any CPU
		{B75E961F-2CFA-4397-BC0F-973FBE1F2660}.Release|Any CPU.Build.0 = Release|Any CPU
		{329D81BD-4BBC-4D78-80C9-11F50EB05BDD}.Debug|Any CPU.ActiveCfg = Debug|Any CPU
		{329D81BD-4BBC-4D78-80C9-11F50EB05BDD}.Debug|Any CPU.Build.0 = Debug|Any CPU
		{329D81BD-4BBC-4D78-80C9-11F50EB05BDD}.Release|Any CPU.ActiveCfg = Release|Any CPU
		{329D81BD-4BBC-4D78-80C9-11F50EB05BDD}.Release|Any CPU.Build.0 = Release|Any CPU
		{15ECB3CC-0580-440B-AD11-8C43666C7C67}.Debug|Any CPU.ActiveCfg = Debug|Any CPU
		{15ECB3CC-0580-440B-AD11-8C43666C7C67}.Debug|Any CPU.Build.0 = Debug|Any CPU
		{15ECB3CC-0580-440B-AD11-8C43666C7C67}.Release|Any CPU.ActiveCfg = Release|Any CPU
		{15ECB3CC-0580-440B-AD11-8C43666C7C67}.Release|Any CPU.Build.0 = Release|Any CPU
		{71884A7D-D077-48A7-8F10-A8910745F184}.Debug|Any CPU.ActiveCfg = Debug|Any CPU
		{71884A7D-D077-48A7-8F10-A8910745F184}.Debug|Any CPU.Build.0 = Debug|Any CPU
		{71884A7D-D077-48A7-8F10-A8910745F184}.Release|Any CPU.ActiveCfg = Release|Any CPU
		{71884A7D-D077-48A7-8F10-A8910745F184}.Release|Any CPU.Build.0 = Release|Any CPU
		{5523E66F-9082-412D-9D89-1E4B6AC903F6}.Debug|Any CPU.ActiveCfg = Debug|Any CPU
		{5523E66F-9082-412D-9D89-1E4B6AC903F6}.Debug|Any CPU.Build.0 = Debug|Any CPU
		{5523E66F-9082-412D-9D89-1E4B6AC903F6}.Release|Any CPU.ActiveCfg = Release|Any CPU
		{5523E66F-9082-412D-9D89-1E4B6AC903F6}.Release|Any CPU.Build.0 = Release|Any CPU
		{74DEA640-D5DD-446C-BB82-DF9A468F2397}.Debug|Any CPU.ActiveCfg = Debug|Any CPU
		{74DEA640-D5DD-446C-BB82-DF9A468F2397}.Debug|Any CPU.Build.0 = Debug|Any CPU
		{74DEA640-D5DD-446C-BB82-DF9A468F2397}.Release|Any CPU.ActiveCfg = Release|Any CPU
		{74DEA640-D5DD-446C-BB82-DF9A468F2397}.Release|Any CPU.Build.0 = Release|Any CPU
		{3C48ED9A-C1B0-444A-A6F3-44512576DC24}.Debug|Any CPU.ActiveCfg = Debug|Any CPU
		{3C48ED9A-C1B0-444A-A6F3-44512576DC24}.Debug|Any CPU.Build.0 = Debug|Any CPU
		{3C48ED9A-C1B0-444A-A6F3-44512576DC24}.Release|Any CPU.ActiveCfg = Release|Any CPU
		{3C48ED9A-C1B0-444A-A6F3-44512576DC24}.Release|Any CPU.Build.0 = Release|Any CPU
		{C3F7C580-91F5-43C2-8E9F-B7BCA7BF6A6D}.Debug|Any CPU.ActiveCfg = Debug|Any CPU
		{C3F7C580-91F5-43C2-8E9F-B7BCA7BF6A6D}.Debug|Any CPU.Build.0 = Debug|Any CPU
		{C3F7C580-91F5-43C2-8E9F-B7BCA7BF6A6D}.Release|Any CPU.ActiveCfg = Release|Any CPU
		{C3F7C580-91F5-43C2-8E9F-B7BCA7BF6A6D}.Release|Any CPU.Build.0 = Release|Any CPU
		{2BEC458C-90B9-4FD1-8DD4-EFB1350488FE}.Debug|Any CPU.ActiveCfg = Debug|Any CPU
		{2BEC458C-90B9-4FD1-8DD4-EFB1350488FE}.Debug|Any CPU.Build.0 = Debug|Any CPU
		{2BEC458C-90B9-4FD1-8DD4-EFB1350488FE}.Release|Any CPU.ActiveCfg = Release|Any CPU
		{2BEC458C-90B9-4FD1-8DD4-EFB1350488FE}.Release|Any CPU.Build.0 = Release|Any CPU
		{720B8E43-8827-4377-B9CF-88B6EFD1B82D}.Debug|Any CPU.ActiveCfg = Debug|Any CPU
		{720B8E43-8827-4377-B9CF-88B6EFD1B82D}.Debug|Any CPU.Build.0 = Debug|Any CPU
		{720B8E43-8827-4377-B9CF-88B6EFD1B82D}.Release|Any CPU.ActiveCfg = Release|Any CPU
		{720B8E43-8827-4377-B9CF-88B6EFD1B82D}.Release|Any CPU.Build.0 = Release|Any CPU
		{83B9CFFA-91A8-413C-ACD9-7EF38D20954C}.Debug|Any CPU.ActiveCfg = Debug|Any CPU
		{83B9CFFA-91A8-413C-ACD9-7EF38D20954C}.Debug|Any CPU.Build.0 = Debug|Any CPU
		{83B9CFFA-91A8-413C-ACD9-7EF38D20954C}.Release|Any CPU.ActiveCfg = Release|Any CPU
		{83B9CFFA-91A8-413C-ACD9-7EF38D20954C}.Release|Any CPU.Build.0 = Release|Any CPU
		{9B06E1F0-0FCA-47C2-B248-5132C9334F38}.Debug|Any CPU.ActiveCfg = Debug|Any CPU
		{9B06E1F0-0FCA-47C2-B248-5132C9334F38}.Debug|Any CPU.Build.0 = Debug|Any CPU
		{9B06E1F0-0FCA-47C2-B248-5132C9334F38}.Release|Any CPU.ActiveCfg = Release|Any CPU
		{9B06E1F0-0FCA-47C2-B248-5132C9334F38}.Release|Any CPU.Build.0 = Release|Any CPU
		{DC97A46F-58A2-4E77-8896-5B22D5F4824E}.Debug|Any CPU.ActiveCfg = Debug|Any CPU
		{DC97A46F-58A2-4E77-8896-5B22D5F4824E}.Debug|Any CPU.Build.0 = Debug|Any CPU
		{DC97A46F-58A2-4E77-8896-5B22D5F4824E}.Release|Any CPU.ActiveCfg = Release|Any CPU
		{DC97A46F-58A2-4E77-8896-5B22D5F4824E}.Release|Any CPU.Build.0 = Release|Any CPU
		{4E416805-0EA4-4F62-AAD3-42EDC4F58094}.Debug|Any CPU.ActiveCfg = Debug|Any CPU
		{4E416805-0EA4-4F62-AAD3-42EDC4F58094}.Debug|Any CPU.Build.0 = Debug|Any CPU
		{4E416805-0EA4-4F62-AAD3-42EDC4F58094}.Release|Any CPU.ActiveCfg = Release|Any CPU
		{4E416805-0EA4-4F62-AAD3-42EDC4F58094}.Release|Any CPU.Build.0 = Release|Any CPU
		{387154F8-29DE-4130-BC5E-8B128ADA52E1}.Debug|Any CPU.ActiveCfg = Debug|Any CPU
		{387154F8-29DE-4130-BC5E-8B128ADA52E1}.Debug|Any CPU.Build.0 = Debug|Any CPU
		{387154F8-29DE-4130-BC5E-8B128ADA52E1}.Release|Any CPU.ActiveCfg = Release|Any CPU
		{387154F8-29DE-4130-BC5E-8B128ADA52E1}.Release|Any CPU.Build.0 = Release|Any CPU
		{4B724D97-5975-49B8-9D51-CD35CBBE05C6}.Debug|Any CPU.ActiveCfg = Debug|Any CPU
		{4B724D97-5975-49B8-9D51-CD35CBBE05C6}.Debug|Any CPU.Build.0 = Debug|Any CPU
		{4B724D97-5975-49B8-9D51-CD35CBBE05C6}.Release|Any CPU.ActiveCfg = Release|Any CPU
		{4B724D97-5975-49B8-9D51-CD35CBBE05C6}.Release|Any CPU.Build.0 = Release|Any CPU
		{A9DBBE4A-70A0-4A39-8759-E73A83F82FF2}.Debug|Any CPU.ActiveCfg = Debug|Any CPU
		{A9DBBE4A-70A0-4A39-8759-E73A83F82FF2}.Debug|Any CPU.Build.0 = Debug|Any CPU
		{A9DBBE4A-70A0-4A39-8759-E73A83F82FF2}.Release|Any CPU.ActiveCfg = Release|Any CPU
		{A9DBBE4A-70A0-4A39-8759-E73A83F82FF2}.Release|Any CPU.Build.0 = Release|Any CPU
		{46D3D4CD-7963-4BAF-ACEC-9973BAEE4F0E}.Debug|Any CPU.ActiveCfg = Debug|Any CPU
		{46D3D4CD-7963-4BAF-ACEC-9973BAEE4F0E}.Debug|Any CPU.Build.0 = Debug|Any CPU
		{46D3D4CD-7963-4BAF-ACEC-9973BAEE4F0E}.Release|Any CPU.ActiveCfg = Release|Any CPU
		{46D3D4CD-7963-4BAF-ACEC-9973BAEE4F0E}.Release|Any CPU.Build.0 = Release|Any CPU
		{016C9106-722F-4929-892F-93CAA264CBF0}.Debug|Any CPU.ActiveCfg = Debug|Any CPU
		{016C9106-722F-4929-892F-93CAA264CBF0}.Debug|Any CPU.Build.0 = Debug|Any CPU
		{016C9106-722F-4929-892F-93CAA264CBF0}.Release|Any CPU.ActiveCfg = Release|Any CPU
		{016C9106-722F-4929-892F-93CAA264CBF0}.Release|Any CPU.Build.0 = Release|Any CPU
		{942451A1-143D-49E6-B635-78C033F9DF9E}.Debug|Any CPU.ActiveCfg = Debug|Any CPU
		{942451A1-143D-49E6-B635-78C033F9DF9E}.Debug|Any CPU.Build.0 = Debug|Any CPU
		{942451A1-143D-49E6-B635-78C033F9DF9E}.Release|Any CPU.ActiveCfg = Release|Any CPU
		{942451A1-143D-49E6-B635-78C033F9DF9E}.Release|Any CPU.Build.0 = Release|Any CPU
		{8FCAFA40-3F5F-490B-88DD-3C1F30B7023B}.Debug|Any CPU.ActiveCfg = Debug|Any CPU
		{8FCAFA40-3F5F-490B-88DD-3C1F30B7023B}.Debug|Any CPU.Build.0 = Debug|Any CPU
		{8FCAFA40-3F5F-490B-88DD-3C1F30B7023B}.Release|Any CPU.ActiveCfg = Release|Any CPU
		{8FCAFA40-3F5F-490B-88DD-3C1F30B7023B}.Release|Any CPU.Build.0 = Release|Any CPU
		{D30102AF-4042-44C8-B32F-E3CB56B3A5E8}.Debug|Any CPU.ActiveCfg = Debug|Any CPU
		{D30102AF-4042-44C8-B32F-E3CB56B3A5E8}.Debug|Any CPU.Build.0 = Debug|Any CPU
		{D30102AF-4042-44C8-B32F-E3CB56B3A5E8}.Release|Any CPU.ActiveCfg = Release|Any CPU
		{D30102AF-4042-44C8-B32F-E3CB56B3A5E8}.Release|Any CPU.Build.0 = Release|Any CPU
		{D50BEC84-E3F8-45B5-A8C1-94A155C9CE5D}.Debug|Any CPU.ActiveCfg = Debug|Any CPU
		{D50BEC84-E3F8-45B5-A8C1-94A155C9CE5D}.Debug|Any CPU.Build.0 = Debug|Any CPU
		{D50BEC84-E3F8-45B5-A8C1-94A155C9CE5D}.Release|Any CPU.ActiveCfg = Release|Any CPU
		{D50BEC84-E3F8-45B5-A8C1-94A155C9CE5D}.Release|Any CPU.Build.0 = Release|Any CPU
		{9D225EB3-F00A-4DC5-BDE3-AA6A4762015D}.Debug|Any CPU.ActiveCfg = Debug|Any CPU
		{9D225EB3-F00A-4DC5-BDE3-AA6A4762015D}.Debug|Any CPU.Build.0 = Debug|Any CPU
		{9D225EB3-F00A-4DC5-BDE3-AA6A4762015D}.Release|Any CPU.ActiveCfg = Release|Any CPU
		{9D225EB3-F00A-4DC5-BDE3-AA6A4762015D}.Release|Any CPU.Build.0 = Release|Any CPU
		{49C6863D-17B6-4BD7-B038-611BA0950C22}.Debug|Any CPU.ActiveCfg = Debug|Any CPU
		{49C6863D-17B6-4BD7-B038-611BA0950C22}.Debug|Any CPU.Build.0 = Debug|Any CPU
		{49C6863D-17B6-4BD7-B038-611BA0950C22}.Release|Any CPU.ActiveCfg = Release|Any CPU
		{49C6863D-17B6-4BD7-B038-611BA0950C22}.Release|Any CPU.Build.0 = Release|Any CPU
		{99F59686-1639-4545-891A-523238C6D1F1}.Debug|Any CPU.ActiveCfg = Debug|Any CPU
		{99F59686-1639-4545-891A-523238C6D1F1}.Debug|Any CPU.Build.0 = Debug|Any CPU
		{99F59686-1639-4545-891A-523238C6D1F1}.Release|Any CPU.ActiveCfg = Release|Any CPU
		{99F59686-1639-4545-891A-523238C6D1F1}.Release|Any CPU.Build.0 = Release|Any CPU
		{69CA3889-6F2E-4B12-A98B-ED9D0C181CC8}.Debug|Any CPU.ActiveCfg = Debug|Any CPU
		{69CA3889-6F2E-4B12-A98B-ED9D0C181CC8}.Debug|Any CPU.Build.0 = Debug|Any CPU
		{69CA3889-6F2E-4B12-A98B-ED9D0C181CC8}.Release|Any CPU.ActiveCfg = Release|Any CPU
		{69CA3889-6F2E-4B12-A98B-ED9D0C181CC8}.Release|Any CPU.Build.0 = Release|Any CPU
		{EC0D16AF-BC40-4C76-8307-37CBAFAABD79}.Debug|Any CPU.ActiveCfg = Debug|Any CPU
		{EC0D16AF-BC40-4C76-8307-37CBAFAABD79}.Debug|Any CPU.Build.0 = Debug|Any CPU
		{EC0D16AF-BC40-4C76-8307-37CBAFAABD79}.Release|Any CPU.ActiveCfg = Release|Any CPU
		{EC0D16AF-BC40-4C76-8307-37CBAFAABD79}.Release|Any CPU.Build.0 = Release|Any CPU
		{9F860B09-A4F5-4034-9DC9-96BD56C9777D}.Debug|Any CPU.ActiveCfg = Debug|Any CPU
		{9F860B09-A4F5-4034-9DC9-96BD56C9777D}.Debug|Any CPU.Build.0 = Debug|Any CPU
		{9F860B09-A4F5-4034-9DC9-96BD56C9777D}.Release|Any CPU.ActiveCfg = Release|Any CPU
		{9F860B09-A4F5-4034-9DC9-96BD56C9777D}.Release|Any CPU.Build.0 = Release|Any CPU
		{EF1CABEF-26D0-4835-9C67-B46ADA3F6D8A}.Debug|Any CPU.ActiveCfg = Debug|Any CPU
		{EF1CABEF-26D0-4835-9C67-B46ADA3F6D8A}.Debug|Any CPU.Build.0 = Debug|Any CPU
		{EF1CABEF-26D0-4835-9C67-B46ADA3F6D8A}.Release|Any CPU.ActiveCfg = Release|Any CPU
		{EF1CABEF-26D0-4835-9C67-B46ADA3F6D8A}.Release|Any CPU.Build.0 = Release|Any CPU
		{725F8C2E-47C2-4ACF-9242-001A1AE32263}.Debug|Any CPU.ActiveCfg = Debug|Any CPU
		{725F8C2E-47C2-4ACF-9242-001A1AE32263}.Debug|Any CPU.Build.0 = Debug|Any CPU
		{725F8C2E-47C2-4ACF-9242-001A1AE32263}.Release|Any CPU.ActiveCfg = Release|Any CPU
		{725F8C2E-47C2-4ACF-9242-001A1AE32263}.Release|Any CPU.Build.0 = Release|Any CPU
		{7E101810-8E04-46DD-A887-DB90D150ED1F}.Debug|Any CPU.ActiveCfg = Debug|Any CPU
		{7E101810-8E04-46DD-A887-DB90D150ED1F}.Debug|Any CPU.Build.0 = Debug|Any CPU
		{7E101810-8E04-46DD-A887-DB90D150ED1F}.Release|Any CPU.ActiveCfg = Release|Any CPU
		{7E101810-8E04-46DD-A887-DB90D150ED1F}.Release|Any CPU.Build.0 = Release|Any CPU
		{3DA419B1-0D62-4E75-A0E7-DC6E639795DF}.Debug|Any CPU.ActiveCfg = Debug|Any CPU
		{3DA419B1-0D62-4E75-A0E7-DC6E639795DF}.Debug|Any CPU.Build.0 = Debug|Any CPU
		{3DA419B1-0D62-4E75-A0E7-DC6E639795DF}.Release|Any CPU.ActiveCfg = Release|Any CPU
		{3DA419B1-0D62-4E75-A0E7-DC6E639795DF}.Release|Any CPU.Build.0 = Release|Any CPU
		{B8AA14E3-7F0C-4C1C-942C-2BA6A22BE7E6}.Debug|Any CPU.ActiveCfg = Debug|Any CPU
		{B8AA14E3-7F0C-4C1C-942C-2BA6A22BE7E6}.Debug|Any CPU.Build.0 = Debug|Any CPU
		{B8AA14E3-7F0C-4C1C-942C-2BA6A22BE7E6}.Release|Any CPU.ActiveCfg = Release|Any CPU
		{B8AA14E3-7F0C-4C1C-942C-2BA6A22BE7E6}.Release|Any CPU.Build.0 = Release|Any CPU
		{D5AD0DEB-0F23-405F-8938-B67F3274A13C}.Debug|Any CPU.ActiveCfg = Debug|Any CPU
		{D5AD0DEB-0F23-405F-8938-B67F3274A13C}.Debug|Any CPU.Build.0 = Debug|Any CPU
		{D5AD0DEB-0F23-405F-8938-B67F3274A13C}.Release|Any CPU.ActiveCfg = Release|Any CPU
		{D5AD0DEB-0F23-405F-8938-B67F3274A13C}.Release|Any CPU.Build.0 = Release|Any CPU
		{635E7DBF-B14F-47B4-ACD6-D384FD62D987}.Debug|Any CPU.ActiveCfg = Debug|Any CPU
		{635E7DBF-B14F-47B4-ACD6-D384FD62D987}.Debug|Any CPU.Build.0 = Debug|Any CPU
		{635E7DBF-B14F-47B4-ACD6-D384FD62D987}.Release|Any CPU.ActiveCfg = Release|Any CPU
		{635E7DBF-B14F-47B4-ACD6-D384FD62D987}.Release|Any CPU.Build.0 = Release|Any CPU
		{AD6D4E29-2936-4039-B4D8-4DB83E1C9C92}.Debug|Any CPU.ActiveCfg = Debug|Any CPU
		{AD6D4E29-2936-4039-B4D8-4DB83E1C9C92}.Debug|Any CPU.Build.0 = Debug|Any CPU
		{AD6D4E29-2936-4039-B4D8-4DB83E1C9C92}.Release|Any CPU.ActiveCfg = Release|Any CPU
		{AD6D4E29-2936-4039-B4D8-4DB83E1C9C92}.Release|Any CPU.Build.0 = Release|Any CPU
		{723A0E90-8B60-4CCE-A3E8-51DD76D07E3D}.Debug|Any CPU.ActiveCfg = Debug|Any CPU
		{723A0E90-8B60-4CCE-A3E8-51DD76D07E3D}.Debug|Any CPU.Build.0 = Debug|Any CPU
		{723A0E90-8B60-4CCE-A3E8-51DD76D07E3D}.Release|Any CPU.ActiveCfg = Release|Any CPU
		{723A0E90-8B60-4CCE-A3E8-51DD76D07E3D}.Release|Any CPU.Build.0 = Release|Any CPU
		{B6AEB8E3-6FD3-4B6E-815C-E4F7BA03CD32}.Debug|Any CPU.ActiveCfg = Debug|Any CPU
		{B6AEB8E3-6FD3-4B6E-815C-E4F7BA03CD32}.Debug|Any CPU.Build.0 = Debug|Any CPU
		{B6AEB8E3-6FD3-4B6E-815C-E4F7BA03CD32}.Release|Any CPU.ActiveCfg = Release|Any CPU
		{B6AEB8E3-6FD3-4B6E-815C-E4F7BA03CD32}.Release|Any CPU.Build.0 = Release|Any CPU
		{2BCA8E97-4230-47A0-8789-7F61E7F9A387}.Debug|Any CPU.ActiveCfg = Debug|Any CPU
		{2BCA8E97-4230-47A0-8789-7F61E7F9A387}.Debug|Any CPU.Build.0 = Debug|Any CPU
		{2BCA8E97-4230-47A0-8789-7F61E7F9A387}.Release|Any CPU.ActiveCfg = Release|Any CPU
		{2BCA8E97-4230-47A0-8789-7F61E7F9A387}.Release|Any CPU.Build.0 = Release|Any CPU
		{4650DD85-5D2E-4A79-83D4-4D58B831E2E3}.Debug|Any CPU.ActiveCfg = Debug|Any CPU
		{4650DD85-5D2E-4A79-83D4-4D58B831E2E3}.Debug|Any CPU.Build.0 = Debug|Any CPU
		{4650DD85-5D2E-4A79-83D4-4D58B831E2E3}.Release|Any CPU.ActiveCfg = Release|Any CPU
		{4650DD85-5D2E-4A79-83D4-4D58B831E2E3}.Release|Any CPU.Build.0 = Release|Any CPU
		{3A8E29D0-A848-43DB-82C2-6C6B28FB78BA}.Debug|Any CPU.ActiveCfg = Debug|Any CPU
		{3A8E29D0-A848-43DB-82C2-6C6B28FB78BA}.Debug|Any CPU.Build.0 = Debug|Any CPU
		{3A8E29D0-A848-43DB-82C2-6C6B28FB78BA}.Release|Any CPU.ActiveCfg = Release|Any CPU
		{3A8E29D0-A848-43DB-82C2-6C6B28FB78BA}.Release|Any CPU.Build.0 = Release|Any CPU
		{C3FB74D2-390E-4B62-9011-3E5D66844C5E}.Debug|Any CPU.ActiveCfg = Debug|Any CPU
		{C3FB74D2-390E-4B62-9011-3E5D66844C5E}.Debug|Any CPU.Build.0 = Debug|Any CPU
		{C3FB74D2-390E-4B62-9011-3E5D66844C5E}.Release|Any CPU.ActiveCfg = Release|Any CPU
		{C3FB74D2-390E-4B62-9011-3E5D66844C5E}.Release|Any CPU.Build.0 = Release|Any CPU
		{492DEFEF-3148-4711-BAED-B7647DDF83FC}.Debug|Any CPU.ActiveCfg = Debug|Any CPU
		{492DEFEF-3148-4711-BAED-B7647DDF83FC}.Debug|Any CPU.Build.0 = Debug|Any CPU
		{492DEFEF-3148-4711-BAED-B7647DDF83FC}.Release|Any CPU.ActiveCfg = Release|Any CPU
		{492DEFEF-3148-4711-BAED-B7647DDF83FC}.Release|Any CPU.Build.0 = Release|Any CPU
		{E9460C23-92AA-430C-AECB-B9322C04EDFA}.Debug|Any CPU.ActiveCfg = Debug|Any CPU
		{E9460C23-92AA-430C-AECB-B9322C04EDFA}.Debug|Any CPU.Build.0 = Debug|Any CPU
		{E9460C23-92AA-430C-AECB-B9322C04EDFA}.Release|Any CPU.ActiveCfg = Release|Any CPU
		{E9460C23-92AA-430C-AECB-B9322C04EDFA}.Release|Any CPU.Build.0 = Release|Any CPU
		{F1BA8FF9-E0AF-4C2E-8732-5380996FE8C2}.Debug|Any CPU.ActiveCfg = Debug|Any CPU
		{F1BA8FF9-E0AF-4C2E-8732-5380996FE8C2}.Debug|Any CPU.Build.0 = Debug|Any CPU
		{F1BA8FF9-E0AF-4C2E-8732-5380996FE8C2}.Release|Any CPU.ActiveCfg = Release|Any CPU
		{F1BA8FF9-E0AF-4C2E-8732-5380996FE8C2}.Release|Any CPU.Build.0 = Release|Any CPU
		{260BBBF8-DB8B-4FC0-8CDF-E618CED550D9}.Debug|Any CPU.ActiveCfg = Debug|Any CPU
		{260BBBF8-DB8B-4FC0-8CDF-E618CED550D9}.Debug|Any CPU.Build.0 = Debug|Any CPU
		{260BBBF8-DB8B-4FC0-8CDF-E618CED550D9}.Release|Any CPU.ActiveCfg = Release|Any CPU
		{260BBBF8-DB8B-4FC0-8CDF-E618CED550D9}.Release|Any CPU.Build.0 = Release|Any CPU
		{446BEDCA-10CD-4E8B-B2D7-62996BB53B99}.Debug|Any CPU.ActiveCfg = Debug|Any CPU
		{446BEDCA-10CD-4E8B-B2D7-62996BB53B99}.Debug|Any CPU.Build.0 = Debug|Any CPU
		{446BEDCA-10CD-4E8B-B2D7-62996BB53B99}.Release|Any CPU.ActiveCfg = Release|Any CPU
		{446BEDCA-10CD-4E8B-B2D7-62996BB53B99}.Release|Any CPU.Build.0 = Release|Any CPU
		{13A77A34-8D19-4EE3-88B7-E9466CF8B50D}.Debug|Any CPU.ActiveCfg = Debug|Any CPU
		{13A77A34-8D19-4EE3-88B7-E9466CF8B50D}.Debug|Any CPU.Build.0 = Debug|Any CPU
		{13A77A34-8D19-4EE3-88B7-E9466CF8B50D}.Release|Any CPU.ActiveCfg = Release|Any CPU
		{13A77A34-8D19-4EE3-88B7-E9466CF8B50D}.Release|Any CPU.Build.0 = Release|Any CPU
		{543C7B9F-2A01-4241-B4C1-BB910F8F2357}.Debug|Any CPU.ActiveCfg = Debug|Any CPU
		{543C7B9F-2A01-4241-B4C1-BB910F8F2357}.Debug|Any CPU.Build.0 = Debug|Any CPU
		{543C7B9F-2A01-4241-B4C1-BB910F8F2357}.Release|Any CPU.ActiveCfg = Release|Any CPU
		{543C7B9F-2A01-4241-B4C1-BB910F8F2357}.Release|Any CPU.Build.0 = Release|Any CPU
		{8D1DDC76-89D0-45C2-85D0-8F8219F6CD47}.Debug|Any CPU.ActiveCfg = Debug|Any CPU
		{8D1DDC76-89D0-45C2-85D0-8F8219F6CD47}.Debug|Any CPU.Build.0 = Debug|Any CPU
		{8D1DDC76-89D0-45C2-85D0-8F8219F6CD47}.Release|Any CPU.ActiveCfg = Release|Any CPU
		{8D1DDC76-89D0-45C2-85D0-8F8219F6CD47}.Release|Any CPU.Build.0 = Release|Any CPU
		{F8BA36E6-5302-486F-A987-F208A02E5BF3}.Debug|Any CPU.ActiveCfg = Debug|Any CPU
		{F8BA36E6-5302-486F-A987-F208A02E5BF3}.Debug|Any CPU.Build.0 = Debug|Any CPU
		{F8BA36E6-5302-486F-A987-F208A02E5BF3}.Release|Any CPU.ActiveCfg = Release|Any CPU
		{F8BA36E6-5302-486F-A987-F208A02E5BF3}.Release|Any CPU.Build.0 = Release|Any CPU
		{15B8A906-049D-4E41-9F92-C2CE27637D99}.Debug|Any CPU.ActiveCfg = Debug|Any CPU
		{15B8A906-049D-4E41-9F92-C2CE27637D99}.Debug|Any CPU.Build.0 = Debug|Any CPU
		{15B8A906-049D-4E41-9F92-C2CE27637D99}.Release|Any CPU.ActiveCfg = Release|Any CPU
		{15B8A906-049D-4E41-9F92-C2CE27637D99}.Release|Any CPU.Build.0 = Release|Any CPU
		{876D1B13-A2C1-40DA-813E-A1682A22828B}.Debug|Any CPU.ActiveCfg = Debug|Any CPU
		{876D1B13-A2C1-40DA-813E-A1682A22828B}.Debug|Any CPU.Build.0 = Debug|Any CPU
		{876D1B13-A2C1-40DA-813E-A1682A22828B}.Release|Any CPU.ActiveCfg = Release|Any CPU
		{876D1B13-A2C1-40DA-813E-A1682A22828B}.Release|Any CPU.Build.0 = Release|Any CPU
		{3A3F8BA1-44D3-4E22-B902-B2B7BE188841}.Debug|Any CPU.ActiveCfg = Debug|Any CPU
		{3A3F8BA1-44D3-4E22-B902-B2B7BE188841}.Debug|Any CPU.Build.0 = Debug|Any CPU
		{3A3F8BA1-44D3-4E22-B902-B2B7BE188841}.Release|Any CPU.ActiveCfg = Release|Any CPU
		{3A3F8BA1-44D3-4E22-B902-B2B7BE188841}.Release|Any CPU.Build.0 = Release|Any CPU
		{49AF93D5-AC29-4107-A40D-DC336F31314E}.Debug|Any CPU.ActiveCfg = Debug|Any CPU
		{49AF93D5-AC29-4107-A40D-DC336F31314E}.Debug|Any CPU.Build.0 = Debug|Any CPU
		{49AF93D5-AC29-4107-A40D-DC336F31314E}.Release|Any CPU.ActiveCfg = Release|Any CPU
		{49AF93D5-AC29-4107-A40D-DC336F31314E}.Release|Any CPU.Build.0 = Release|Any CPU
		{4306D0E1-D44A-42EF-ABC4-7B6675932E16}.Debug|Any CPU.ActiveCfg = Debug|Any CPU
		{4306D0E1-D44A-42EF-ABC4-7B6675932E16}.Debug|Any CPU.Build.0 = Debug|Any CPU
		{4306D0E1-D44A-42EF-ABC4-7B6675932E16}.Release|Any CPU.ActiveCfg = Release|Any CPU
		{4306D0E1-D44A-42EF-ABC4-7B6675932E16}.Release|Any CPU.Build.0 = Release|Any CPU
		{FB264567-FEF3-46DA-8CC0-F112B612E597}.Debug|Any CPU.ActiveCfg = Debug|Any CPU
		{FB264567-FEF3-46DA-8CC0-F112B612E597}.Debug|Any CPU.Build.0 = Debug|Any CPU
		{FB264567-FEF3-46DA-8CC0-F112B612E597}.Release|Any CPU.ActiveCfg = Release|Any CPU
		{FB264567-FEF3-46DA-8CC0-F112B612E597}.Release|Any CPU.Build.0 = Release|Any CPU
		{B08EF4CA-89E9-49D8-86B3-5477CDF07EF1}.Debug|Any CPU.ActiveCfg = Debug|Any CPU
		{B08EF4CA-89E9-49D8-86B3-5477CDF07EF1}.Debug|Any CPU.Build.0 = Debug|Any CPU
		{B08EF4CA-89E9-49D8-86B3-5477CDF07EF1}.Release|Any CPU.ActiveCfg = Release|Any CPU
		{B08EF4CA-89E9-49D8-86B3-5477CDF07EF1}.Release|Any CPU.Build.0 = Release|Any CPU
	EndGlobalSection
	GlobalSection(SolutionProperties) = preSolution
		HideSolutionNode = FALSE
	EndGlobalSection
	GlobalSection(NestedProjects) = preSolution
		{7C8C1AFE-1373-4E51-8B78-E1032EBE6455} = {A41A8E86-6DD9-4849-91C8-FBA9188BCC4A}
		{3B9C94DB-6E07-4590-B5E4-D352BF0BAEF1} = {A41A8E86-6DD9-4849-91C8-FBA9188BCC4A}
		{FBA2B770-FD91-453B-8D70-FDB0480CC234} = {7C8C1AFE-1373-4E51-8B78-E1032EBE6455}
		{2F44E298-A356-47E7-92E1-15F42A2DC968} = {7C8C1AFE-1373-4E51-8B78-E1032EBE6455}
		{BE0C090A-F2F1-4E83-909B-70C78118CEE8} = {FBA2B770-FD91-453B-8D70-FDB0480CC234}
		{F6DAE57A-3A65-4565-8699-DF23C168BAA3} = {2F44E298-A356-47E7-92E1-15F42A2DC968}
		{F83BAB6B-11F4-41FC-A6E5-35096A60DFEE} = {7C8C1AFE-1373-4E51-8B78-E1032EBE6455}
		{68B802DA-9E8A-4E8F-8216-80A4591E2C0A} = {F83BAB6B-11F4-41FC-A6E5-35096A60DFEE}
		{86F2AD5B-3CDD-4BBA-AC8B-770EC043DD6C} = {F83BAB6B-11F4-41FC-A6E5-35096A60DFEE}
		{002B7BCD-9308-4A1F-A675-517C8E20D81A} = {7C8C1AFE-1373-4E51-8B78-E1032EBE6455}
		{B75E961F-2CFA-4397-BC0F-973FBE1F2660} = {002B7BCD-9308-4A1F-A675-517C8E20D81A}
		{329D81BD-4BBC-4D78-80C9-11F50EB05BDD} = {3B9C94DB-6E07-4590-B5E4-D352BF0BAEF1}
		{15ECB3CC-0580-440B-AD11-8C43666C7C67} = {3B9C94DB-6E07-4590-B5E4-D352BF0BAEF1}
		{71884A7D-D077-48A7-8F10-A8910745F184} = {3B9C94DB-6E07-4590-B5E4-D352BF0BAEF1}
		{5523E66F-9082-412D-9D89-1E4B6AC903F6} = {3B9C94DB-6E07-4590-B5E4-D352BF0BAEF1}
		{74DEA640-D5DD-446C-BB82-DF9A468F2397} = {3B9C94DB-6E07-4590-B5E4-D352BF0BAEF1}
		{5AE9B2C6-10F3-4482-8739-76F500321F92} = {3B9C94DB-6E07-4590-B5E4-D352BF0BAEF1}
		{3C48ED9A-C1B0-444A-A6F3-44512576DC24} = {3B9C94DB-6E07-4590-B5E4-D352BF0BAEF1}
		{C3F7C580-91F5-43C2-8E9F-B7BCA7BF6A6D} = {3B9C94DB-6E07-4590-B5E4-D352BF0BAEF1}
		{2BEC458C-90B9-4FD1-8DD4-EFB1350488FE} = {3B9C94DB-6E07-4590-B5E4-D352BF0BAEF1}
		{720B8E43-8827-4377-B9CF-88B6EFD1B82D} = {3B9C94DB-6E07-4590-B5E4-D352BF0BAEF1}
		{83B9CFFA-91A8-413C-ACD9-7EF38D20954C} = {3B9C94DB-6E07-4590-B5E4-D352BF0BAEF1}
		{9B06E1F0-0FCA-47C2-B248-5132C9334F38} = {3B9C94DB-6E07-4590-B5E4-D352BF0BAEF1}
		{DC97A46F-58A2-4E77-8896-5B22D5F4824E} = {3B9C94DB-6E07-4590-B5E4-D352BF0BAEF1}
		{4E416805-0EA4-4F62-AAD3-42EDC4F58094} = {3B9C94DB-6E07-4590-B5E4-D352BF0BAEF1}
		{387154F8-29DE-4130-BC5E-8B128ADA52E1} = {3B9C94DB-6E07-4590-B5E4-D352BF0BAEF1}
		{4B724D97-5975-49B8-9D51-CD35CBBE05C6} = {3B9C94DB-6E07-4590-B5E4-D352BF0BAEF1}
		{A9DBBE4A-70A0-4A39-8759-E73A83F82FF2} = {3B9C94DB-6E07-4590-B5E4-D352BF0BAEF1}
		{A70F3C05-467D-43DC-ADD5-9155A16E32CC} = {7C8C1AFE-1373-4E51-8B78-E1032EBE6455}
		{46D3D4CD-7963-4BAF-ACEC-9973BAEE4F0E} = {002B7BCD-9308-4A1F-A675-517C8E20D81A}
		{016C9106-722F-4929-892F-93CAA264CBF0} = {3B9C94DB-6E07-4590-B5E4-D352BF0BAEF1}
		{942451A1-143D-49E6-B635-78C033F9DF9E} = {A70F3C05-467D-43DC-ADD5-9155A16E32CC}
		{8FCAFA40-3F5F-490B-88DD-3C1F30B7023B} = {3B9C94DB-6E07-4590-B5E4-D352BF0BAEF1}
		{D30102AF-4042-44C8-B32F-E3CB56B3A5E8} = {3B9C94DB-6E07-4590-B5E4-D352BF0BAEF1}
		{D50BEC84-E3F8-45B5-A8C1-94A155C9CE5D} = {002B7BCD-9308-4A1F-A675-517C8E20D81A}
		{9D225EB3-F00A-4DC5-BDE3-AA6A4762015D} = {3B9C94DB-6E07-4590-B5E4-D352BF0BAEF1}
		{49C6863D-17B6-4BD7-B038-611BA0950C22} = {3B9C94DB-6E07-4590-B5E4-D352BF0BAEF1}
		{99F59686-1639-4545-891A-523238C6D1F1} = {3B9C94DB-6E07-4590-B5E4-D352BF0BAEF1}
		{69CA3889-6F2E-4B12-A98B-ED9D0C181CC8} = {3B9C94DB-6E07-4590-B5E4-D352BF0BAEF1}
		{EC0D16AF-BC40-4C76-8307-37CBAFAABD79} = {3B9C94DB-6E07-4590-B5E4-D352BF0BAEF1}
		{9F860B09-A4F5-4034-9DC9-96BD56C9777D} = {3B9C94DB-6E07-4590-B5E4-D352BF0BAEF1}
		{EF1CABEF-26D0-4835-9C67-B46ADA3F6D8A} = {002B7BCD-9308-4A1F-A675-517C8E20D81A}
		{725F8C2E-47C2-4ACF-9242-001A1AE32263} = {002B7BCD-9308-4A1F-A675-517C8E20D81A}
		{7E101810-8E04-46DD-A887-DB90D150ED1F} = {002B7BCD-9308-4A1F-A675-517C8E20D81A}
		{3DA419B1-0D62-4E75-A0E7-DC6E639795DF} = {3B9C94DB-6E07-4590-B5E4-D352BF0BAEF1}
		{B8AA14E3-7F0C-4C1C-942C-2BA6A22BE7E6} = {3B9C94DB-6E07-4590-B5E4-D352BF0BAEF1}
		{D5AD0DEB-0F23-405F-8938-B67F3274A13C} = {3B9C94DB-6E07-4590-B5E4-D352BF0BAEF1}
		{635E7DBF-B14F-47B4-ACD6-D384FD62D987} = {002B7BCD-9308-4A1F-A675-517C8E20D81A}
		{AD6D4E29-2936-4039-B4D8-4DB83E1C9C92} = {3B9C94DB-6E07-4590-B5E4-D352BF0BAEF1}
		{723A0E90-8B60-4CCE-A3E8-51DD76D07E3D} = {3B9C94DB-6E07-4590-B5E4-D352BF0BAEF1}
		{85FB3622-82CB-4EF3-AC7B-35479E220218} = {7C8C1AFE-1373-4E51-8B78-E1032EBE6455}
		{B6AEB8E3-6FD3-4B6E-815C-E4F7BA03CD32} = {85FB3622-82CB-4EF3-AC7B-35479E220218}
		{2BCA8E97-4230-47A0-8789-7F61E7F9A387} = {3B9C94DB-6E07-4590-B5E4-D352BF0BAEF1}
		{4650DD85-5D2E-4A79-83D4-4D58B831E2E3} = {3B9C94DB-6E07-4590-B5E4-D352BF0BAEF1}
		{3A8E29D0-A848-43DB-82C2-6C6B28FB78BA} = {3B9C94DB-6E07-4590-B5E4-D352BF0BAEF1}
		{C3FB74D2-390E-4B62-9011-3E5D66844C5E} = {3B9C94DB-6E07-4590-B5E4-D352BF0BAEF1}
		{492DEFEF-3148-4711-BAED-B7647DDF83FC} = {3B9C94DB-6E07-4590-B5E4-D352BF0BAEF1}
		{E9460C23-92AA-430C-AECB-B9322C04EDFA} = {3B9C94DB-6E07-4590-B5E4-D352BF0BAEF1}
		{F1BA8FF9-E0AF-4C2E-8732-5380996FE8C2} = {002B7BCD-9308-4A1F-A675-517C8E20D81A}
		{260BBBF8-DB8B-4FC0-8CDF-E618CED550D9} = {85FB3622-82CB-4EF3-AC7B-35479E220218}
		{446BEDCA-10CD-4E8B-B2D7-62996BB53B99} = {85FB3622-82CB-4EF3-AC7B-35479E220218}
		{13A77A34-8D19-4EE3-88B7-E9466CF8B50D} = {85FB3622-82CB-4EF3-AC7B-35479E220218}
		{B9836C57-5A7E-438E-B68B-5F6F7527CB58} = {7C8C1AFE-1373-4E51-8B78-E1032EBE6455}
		{543C7B9F-2A01-4241-B4C1-BB910F8F2357} = {B9836C57-5A7E-438E-B68B-5F6F7527CB58}
		{8D1DDC76-89D0-45C2-85D0-8F8219F6CD47} = {B9836C57-5A7E-438E-B68B-5F6F7527CB58}
		{F8BA36E6-5302-486F-A987-F208A02E5BF3} = {B9836C57-5A7E-438E-B68B-5F6F7527CB58}
		{15B8A906-049D-4E41-9F92-C2CE27637D99} = {B9836C57-5A7E-438E-B68B-5F6F7527CB58}
		{876D1B13-A2C1-40DA-813E-A1682A22828B} = {3B9C94DB-6E07-4590-B5E4-D352BF0BAEF1}
		{3A3F8BA1-44D3-4E22-B902-B2B7BE188841} = {3B9C94DB-6E07-4590-B5E4-D352BF0BAEF1}
		{49AF93D5-AC29-4107-A40D-DC336F31314E} = {3B9C94DB-6E07-4590-B5E4-D352BF0BAEF1}
		{130E5F56-7C76-4675-9776-077D0C8D5463} = {F17DFEE1-6DA4-4630-87BC-EC6A35746D75}
		{C1210147-83C6-4C09-AB95-B974B8E419DD} = {F17DFEE1-6DA4-4630-87BC-EC6A35746D75}
		{4306D0E1-D44A-42EF-ABC4-7B6675932E16} = {130E5F56-7C76-4675-9776-077D0C8D5463}
		{CE7EC99B-8030-4D87-8E61-FE178309E066} = {C1210147-83C6-4C09-AB95-B974B8E419DD}
		{FB264567-FEF3-46DA-8CC0-F112B612E597} = {CE7EC99B-8030-4D87-8E61-FE178309E066}
		{C316F989-71F5-41C1-BDF3-7E9D5C126766} = {C1210147-83C6-4C09-AB95-B974B8E419DD}
		{B08EF4CA-89E9-49D8-86B3-5477CDF07EF1} = {C316F989-71F5-41C1-BDF3-7E9D5C126766}
	EndGlobalSection
	GlobalSection(ExtensibilityGlobals) = postSolution
		SolutionGuid = {F5F89044-D98C-46F5-8E78-8715B976ECF9}
	EndGlobalSection
EndGlobal
